// !$*UTF8*$!
{
	archiveVersion = 1;
	classes = {
	};
	objectVersion = 50;
	objects = {

/* Begin PBXBuildFile section */
		BF983CD9245FDD7E006C0C5E /* AppDelegate.swift in Sources */ = {isa = PBXBuildFile; fileRef = BF983CD8245FDD7E006C0C5E /* AppDelegate.swift */; };
		BF983CDB245FDD7E006C0C5E /* SceneDelegate.swift in Sources */ = {isa = PBXBuildFile; fileRef = BF983CDA245FDD7E006C0C5E /* SceneDelegate.swift */; };
		BF983CDD245FDD7E006C0C5E /* ViewController.swift in Sources */ = {isa = PBXBuildFile; fileRef = BF983CDC245FDD7E006C0C5E /* ViewController.swift */; };
		BF983CE0245FDD7E006C0C5E /* Main.storyboard in Resources */ = {isa = PBXBuildFile; fileRef = BF983CDE245FDD7E006C0C5E /* Main.storyboard */; };
		BF983CE2245FDD80006C0C5E /* Assets.xcassets in Resources */ = {isa = PBXBuildFile; fileRef = BF983CE1245FDD80006C0C5E /* Assets.xcassets */; };
		BF983CE5245FDD80006C0C5E /* LaunchScreen.storyboard in Resources */ = {isa = PBXBuildFile; fileRef = BF983CE3245FDD80006C0C5E /* LaunchScreen.storyboard */; };
/* End PBXBuildFile section */

/* Begin PBXFileReference section */
		BF983CD5245FDD7E006C0C5E /* TableViewAdapterExample.app */ = {isa = PBXFileReference; explicitFileType = wrapper.application; includeInIndex = 0; path = TableViewAdapterExample.app; sourceTree = BUILT_PRODUCTS_DIR; };
		BF983CD8245FDD7E006C0C5E /* AppDelegate.swift */ = {isa = PBXFileReference; lastKnownFileType = sourcecode.swift; path = AppDelegate.swift; sourceTree = "<group>"; };
		BF983CDA245FDD7E006C0C5E /* SceneDelegate.swift */ = {isa = PBXFileReference; lastKnownFileType = sourcecode.swift; path = SceneDelegate.swift; sourceTree = "<group>"; };
		BF983CDC245FDD7E006C0C5E /* ViewController.swift */ = {isa = PBXFileReference; lastKnownFileType = sourcecode.swift; path = ViewController.swift; sourceTree = "<group>"; };
		BF983CDF245FDD7E006C0C5E /* Base */ = {isa = PBXFileReference; lastKnownFileType = file.storyboard; name = Base; path = Base.lproj/Main.storyboard; sourceTree = "<group>"; };
		BF983CE1245FDD80006C0C5E /* Assets.xcassets */ = {isa = PBXFileReference; lastKnownFileType = folder.assetcatalog; path = Assets.xcassets; sourceTree = "<group>"; };
		BF983CE4245FDD80006C0C5E /* Base */ = {isa = PBXFileReference; lastKnownFileType = file.storyboard; name = Base; path = Base.lproj/LaunchScreen.storyboard; sourceTree = "<group>"; };
		BF983CE6245FDD80006C0C5E /* Info.plist */ = {isa = PBXFileReference; lastKnownFileType = text.plist.xml; path = Info.plist; sourceTree = "<group>"; };
/* End PBXFileReference section */

/* Begin PBXFrameworksBuildPhase section */
		BF983CD2245FDD7E006C0C5E /* Frameworks */ = {
			isa = PBXFrameworksBuildPhase;
			buildActionMask = 2147483647;
			files = (
			);
			runOnlyForDeploymentPostprocessing = 0;
		};
/* End PBXFrameworksBuildPhase section */

/* Begin PBXGroup section */
		BF983CCC245FDD7E006C0C5E = {
			isa = PBXGroup;
			children = (
				BF983CD7245FDD7E006C0C5E /* TableViewAdapterExample */,
				BF983CD6245FDD7E006C0C5E /* Products */,
			);
			sourceTree = "<group>";
		};
		BF983CD6245FDD7E006C0C5E /* Products */ = {
			isa = PBXGroup;
			children = (
				BF983CD5245FDD7E006C0C5E /* TableViewAdapterExample.app */,
			);
			name = Products;
			sourceTree = "<group>";
		};
		BF983CD7245FDD7E006C0C5E /* TableViewAdapterExample */ = {
			isa = PBXGroup;
			children = (
				BF983CD8245FDD7E006C0C5E /* AppDelegate.swift */,
				BF983CDA245FDD7E006C0C5E /* SceneDelegate.swift */,
				BF983CDC245FDD7E006C0C5E /* ViewController.swift */,
				BF983CDE245FDD7E006C0C5E /* Main.storyboard */,
				BF983CE1245FDD80006C0C5E /* Assets.xcassets */,
				BF983CE3245FDD80006C0C5E /* LaunchScreen.storyboard */,
				BF983CE6245FDD80006C0C5E /* Info.plist */,
			);
			path = TableViewAdapterExample;
			sourceTree = "<group>";
		};
/* End PBXGroup section */

/* Begin PBXNativeTarget section */
		BF983CD4245FDD7E006C0C5E /* TableViewAdapterExample */ = {
			isa = PBXNativeTarget;
			buildConfigurationList = BF983CE9245FDD80006C0C5E /* Build configuration list for PBXNativeTarget "TableViewAdapterExample" */;
			buildPhases = (
				BF983CD1245FDD7E006C0C5E /* Sources */,
				BF983CD2245FDD7E006C0C5E /* Frameworks */,
				BF983CD3245FDD7E006C0C5E /* Resources */,
			);
			buildRules = (
			);
			dependencies = (
			);
			name = TableViewAdapterExample;
			productName = TableViewAdapterExample;
			productReference = BF983CD5245FDD7E006C0C5E /* TableViewAdapterExample.app */;
			productType = "com.apple.product-type.application";
		};
/* End PBXNativeTarget section */

/* Begin PBXProject section */
		BF983CCD245FDD7E006C0C5E /* Project object */ = {
			isa = PBXProject;
			attributes = {
				LastSwiftUpdateCheck = 1140;
				LastUpgradeCheck = 1140;
				ORGANIZATIONNAME = "Akshit Zaveri";
				TargetAttributes = {
					BF983CD4245FDD7E006C0C5E = {
						CreatedOnToolsVersion = 11.4;
					};
				};
			};
			buildConfigurationList = BF983CD0245FDD7E006C0C5E /* Build configuration list for PBXProject "TableViewAdapterExample" */;
			compatibilityVersion = "Xcode 9.3";
			developmentRegion = en;
			hasScannedForEncodings = 0;
			knownRegions = (
				en,
				Base,
			);
			mainGroup = BF983CCC245FDD7E006C0C5E;
			productRefGroup = BF983CD6245FDD7E006C0C5E /* Products */;
			projectDirPath = "";
			projectRoot = "";
			targets = (
				BF983CD4245FDD7E006C0C5E /* TableViewAdapterExample */,
			);
		};
/* End PBXProject section */

/* Begin PBXResourcesBuildPhase section */
		BF983CD3245FDD7E006C0C5E /* Resources */ = {
			isa = PBXResourcesBuildPhase;
			buildActionMask = 2147483647;
			files = (
				BF983CE5245FDD80006C0C5E /* LaunchScreen.storyboard in Resources */,
				BF983CE2245FDD80006C0C5E /* Assets.xcassets in Resources */,
				BF983CE0245FDD7E006C0C5E /* Main.storyboard in Resources */,
			);
			runOnlyForDeploymentPostprocessing = 0;
		};
/* End PBXResourcesBuildPhase section */

/* Begin PBXSourcesBuildPhase section */
		BF983CD1245FDD7E006C0C5E /* Sources */ = {
			isa = PBXSourcesBuildPhase;
			buildActionMask = 2147483647;
			files = (
				BF983CDD245FDD7E006C0C5E /* ViewController.swift in Sources */,
				BF983CD9245FDD7E006C0C5E /* AppDelegate.swift in Sources */,
				BF983CDB245FDD7E006C0C5E /* SceneDelegate.swift in Sources */,
			);
			runOnlyForDeploymentPostprocessing = 0;
		};
/* End PBXSourcesBuildPhase section */

/* Begin PBXVariantGroup section */
		BF983CDE245FDD7E006C0C5E /* Main.storyboard */ = {
			isa = PBXVariantGroup;
			children = (
				BF983CDF245FDD7E006C0C5E /* Base */,
			);
			name = Main.storyboard;
			sourceTree = "<group>";
		};
		BF983CE3245FDD80006C0C5E /* LaunchScreen.storyboard */ = {
			isa = PBXVariantGroup;
			children = (
				BF983CE4245FDD80006C0C5E /* Base */,
			);
			name = LaunchScreen.storyboard;
			sourceTree = "<group>";
		};
/* End PBXVariantGroup section */

/* Begin XCBuildConfiguration section */
		BF983CE7245FDD80006C0C5E /* Debug */ = {
			isa = XCBuildConfiguration;
			buildSettings = {
				ALWAYS_SEARCH_USER_PATHS = NO;
				CLANG_ANALYZER_NONNULL = YES;
				CLANG_ANALYZER_NUMBER_OBJECT_CONVERSION = YES_AGGRESSIVE;
				CLANG_CXX_LANGUAGE_STANDARD = "gnu++14";
				CLANG_CXX_LIBRARY = "libc++";
				CLANG_ENABLE_MODULES = YES;
				CLANG_ENABLE_OBJC_ARC = YES;
				CLANG_ENABLE_OBJC_WEAK = YES;
				CLANG_WARN_BLOCK_CAPTURE_AUTORELEASING = YES;
				CLANG_WARN_BOOL_CONVERSION = YES;
				CLANG_WARN_COMMA = YES;
				CLANG_WARN_CONSTANT_CONVERSION = YES;
				CLANG_WARN_DEPRECATED_OBJC_IMPLEMENTATIONS = YES;
				CLANG_WARN_DIRECT_OBJC_ISA_USAGE = YES_ERROR;
				CLANG_WARN_DOCUMENTATION_COMMENTS = YES;
				CLANG_WARN_EMPTY_BODY = YES;
				CLANG_WARN_ENUM_CONVERSION = YES;
				CLANG_WARN_INFINITE_RECURSION = YES;
				CLANG_WARN_INT_CONVERSION = YES;
				CLANG_WARN_NON_LITERAL_NULL_CONVERSION = YES;
				CLANG_WARN_OBJC_IMPLICIT_RETAIN_SELF = YES;
				CLANG_WARN_OBJC_LITERAL_CONVERSION = YES;
				CLANG_WARN_OBJC_ROOT_CLASS = YES_ERROR;
				CLANG_WARN_RANGE_LOOP_ANALYSIS = YES;
				CLANG_WARN_STRICT_PROTOTYPES = YES;
				CLANG_WARN_SUSPICIOUS_MOVE = YES;
				CLANG_WARN_UNGUARDED_AVAILABILITY = YES_AGGRESSIVE;
				CLANG_WARN_UNREACHABLE_CODE = YES;
				CLANG_WARN__DUPLICATE_METHOD_MATCH = YES;
				COPY_PHASE_STRIP = NO;
				DEBUG_INFORMATION_FORMAT = dwarf;
				ENABLE_STRICT_OBJC_MSGSEND = YES;
				ENABLE_TESTABILITY = YES;
				GCC_C_LANGUAGE_STANDARD = gnu11;
				GCC_DYNAMIC_NO_PIC = NO;
				GCC_NO_COMMON_BLOCKS = YES;
				GCC_OPTIMIZATION_LEVEL = 0;
				GCC_PREPROCESSOR_DEFINITIONS = (
					"DEBUG=1",
					"$(inherited)",
				);
				GCC_WARN_64_TO_32_BIT_CONVERSION = YES;
				GCC_WARN_ABOUT_RETURN_TYPE = YES_ERROR;
				GCC_WARN_UNDECLARED_SELECTOR = YES;
				GCC_WARN_UNINITIALIZED_AUTOS = YES_AGGRESSIVE;
				GCC_WARN_UNUSED_FUNCTION = YES;
				GCC_WARN_UNUSED_VARIABLE = YES;
				IPHONEOS_DEPLOYMENT_TARGET = 13.4;
				MTL_ENABLE_DEBUG_INFO = INCLUDE_SOURCE;
				MTL_FAST_MATH = YES;
				ONLY_ACTIVE_ARCH = YES;
				SDKROOT = iphoneos;
				SWIFT_ACTIVE_COMPILATION_CONDITIONS = DEBUG;
				SWIFT_OPTIMIZATION_LEVEL = "-Onone";
			};
			name = Debug;
		};
		BF983CE8245FDD80006C0C5E /* Release */ = {
			isa = XCBuildConfiguration;
			buildSettings = {
				ALWAYS_SEARCH_USER_PATHS = NO;
				CLANG_ANALYZER_NONNULL = YES;
				CLANG_ANALYZER_NUMBER_OBJECT_CONVERSION = YES_AGGRESSIVE;
				CLANG_CXX_LANGUAGE_STANDARD = "gnu++14";
				CLANG_CXX_LIBRARY = "libc++";
				CLANG_ENABLE_MODULES = YES;
				CLANG_ENABLE_OBJC_ARC = YES;
				CLANG_ENABLE_OBJC_WEAK = YES;
				CLANG_WARN_BLOCK_CAPTURE_AUTORELEASING = YES;
				CLANG_WARN_BOOL_CONVERSION = YES;
				CLANG_WARN_COMMA = YES;
				CLANG_WARN_CONSTANT_CONVERSION = YES;
				CLANG_WARN_DEPRECATED_OBJC_IMPLEMENTATIONS = YES;
				CLANG_WARN_DIRECT_OBJC_ISA_USAGE = YES_ERROR;
				CLANG_WARN_DOCUMENTATION_COMMENTS = YES;
				CLANG_WARN_EMPTY_BODY = YES;
				CLANG_WARN_ENUM_CONVERSION = YES;
				CLANG_WARN_INFINITE_RECURSION = YES;
				CLANG_WARN_INT_CONVERSION = YES;
				CLANG_WARN_NON_LITERAL_NULL_CONVERSION = YES;
				CLANG_WARN_OBJC_IMPLICIT_RETAIN_SELF = YES;
				CLANG_WARN_OBJC_LITERAL_CONVERSION = YES;
				CLANG_WARN_OBJC_ROOT_CLASS = YES_ERROR;
				CLANG_WARN_RANGE_LOOP_ANALYSIS = YES;
				CLANG_WARN_STRICT_PROTOTYPES = YES;
				CLANG_WARN_SUSPICIOUS_MOVE = YES;
				CLANG_WARN_UNGUARDED_AVAILABILITY = YES_AGGRESSIVE;
				CLANG_WARN_UNREACHABLE_CODE = YES;
				CLANG_WARN__DUPLICATE_METHOD_MATCH = YES;
				COPY_PHASE_STRIP = NO;
				DEBUG_INFORMATION_FORMAT = "dwarf-with-dsym";
				ENABLE_NS_ASSERTIONS = NO;
				ENABLE_STRICT_OBJC_MSGSEND = YES;
				GCC_C_LANGUAGE_STANDARD = gnu11;
				GCC_NO_COMMON_BLOCKS = YES;
				GCC_WARN_64_TO_32_BIT_CONVERSION = YES;
				GCC_WARN_ABOUT_RETURN_TYPE = YES_ERROR;
				GCC_WARN_UNDECLARED_SELECTOR = YES;
				GCC_WARN_UNINITIALIZED_AUTOS = YES_AGGRESSIVE;
				GCC_WARN_UNUSED_FUNCTION = YES;
				GCC_WARN_UNUSED_VARIABLE = YES;
				IPHONEOS_DEPLOYMENT_TARGET = 13.4;
				MTL_ENABLE_DEBUG_INFO = NO;
				MTL_FAST_MATH = YES;
				SDKROOT = iphoneos;
				SWIFT_COMPILATION_MODE = wholemodule;
				SWIFT_OPTIMIZATION_LEVEL = "-O";
				VALIDATE_PRODUCT = YES;
			};
			name = Release;
		};
		BF983CEA245FDD80006C0C5E /* Debug */ = {
			isa = XCBuildConfiguration;
			buildSettings = {
				ASSETCATALOG_COMPILER_APPICON_NAME = AppIcon;
				CODE_SIGN_STYLE = Automatic;
				DEVELOPMENT_TEAM = 6G977HV28A;
				INFOPLIST_FILE = TableViewAdapterExample/Info.plist;
				LD_RUNPATH_SEARCH_PATHS = (
					"$(inherited)",
					"@executable_path/Frameworks",
				);
				PRODUCT_BUNDLE_IDENTIFIER = com.akshit.TableViewAdapterExample;
				PRODUCT_NAME = "$(TARGET_NAME)";
				SWIFT_VERSION = 5.0;
				TARGETED_DEVICE_FAMILY = "1,2";
			};
			name = Debug;
		};
		BF983CEB245FDD80006C0C5E /* Release */ = {
			isa = XCBuildConfiguration;
			buildSettings = {
				ASSETCATALOG_COMPILER_APPICON_NAME = AppIcon;
				CODE_SIGN_STYLE = Automatic;
				DEVELOPMENT_TEAM = 6G977HV28A;
				INFOPLIST_FILE = TableViewAdapterExample/Info.plist;
				LD_RUNPATH_SEARCH_PATHS = (
					"$(inherited)",
					"@executable_path/Frameworks",
				);
				PRODUCT_BUNDLE_IDENTIFIER = com.akshit.TableViewAdapterExample;
				PRODUCT_NAME = "$(TARGET_NAME)";
				SWIFT_VERSION = 5.0;
				TARGETED_DEVICE_FAMILY = "1,2";
			};
			name = Release;
		};
/* End XCBuildConfiguration section */

/* Begin XCConfigurationList section */
		BF983CD0245FDD7E006C0C5E /* Build configuration list for PBXProject "TableViewAdapterExample" */ = {
			isa = XCConfigurationList;
			buildConfigurations = (
				BF983CE7245FDD80006C0C5E /* Debug */,
				BF983CE8245FDD80006C0C5E /* Release */,
			);
			defaultConfigurationIsVisible = 0;
			defaultConfigurationName = Release;
		};
		BF983CE9245FDD80006C0C5E /* Build configuration list for PBXNativeTarget "TableViewAdapterExample" */ = {
			isa = XCConfigurationList;
			buildConfigurations = (
				BF983CEA245FDD80006C0C5E /* Debug */,
				BF983CEB245FDD80006C0C5E /* Release */,
			);
			defaultConfigurationIsVisible = 0;
			defaultConfigurationName = Release;
		};
/* End XCConfigurationList section */
	};
	rootObject = BF983CCD245FDD7E006C0C5E /* Project object */;
}
